
Microsoft Visual Studio Solution File, Format Version 12.00
# Visual Studio Version 17
VisualStudioVersion = 17.10.35013.160
MinimumVisualStudioVersion = 10.0.40219.1
Project("{FAE04EC0-301F-11D3-BF4B-00C04F79EFBC}") = "MIWebAPI", "MIWebAPI\MIWebAPI.csproj", "{EE0EEB3D-6816-4889-B2CA-E44C5A6473F0}"
EndProject
Global
	GlobalSection(SolutionConfigurationPlatforms) = preSolution
		Debug|Any CPU = Debug|Any CPU
		Release|Any CPU = Release|Any CPU
	EndGlobalSection
	GlobalSection(ProjectConfigurationPlatforms) = postSolution
		{EE0EEB3D-6816-4889-B2CA-E44C5A6473F0}.Debug|Any CPU.ActiveCfg = Debug|Any CPU
		{EE0EEB3D-6816-4889-B2CA-E44C5A6473F0}.Debug|Any CPU.Build.0 = Debug|Any CPU
		{EE0EEB3D-6816-4889-B2CA-E44C5A6473F0}.Release|Any CPU.ActiveCfg = Release|Any CPU
		{EE0EEB3D-6816-4889-B2CA-E44C5A6473F0}.Release|Any CPU.Build.0 = Release|Any CPU
	EndGlobalSection
	GlobalSection(SolutionProperties) = preSolution
		HideSolutionNode = FALSE
	EndGlobalSection
	GlobalSection(ExtensibilityGlobals) = postSolution
		SolutionGuid = {433CBDDF-FF77-4132-B4CE-719F70F0C2E3}
	EndGlobalSection
EndGlobal
